
Microsoft Visual Studio Solution File, Format Version 12.00
# Visual Studio Version 16
VisualStudioVersion = 16.0.31019.35
MinimumVisualStudioVersion = 10.0.40219.1
Project("{9A19103F-16F7-4668-BE54-9A1E7A4F7556}") = "BCX_Assessment", "BCX_Assessment\BCX_Assessment.csproj", "{14428FB7-12B9-4953-92B8-E8234C47EF5D}"
EndProject
Project("{9A19103F-16F7-4668-BE54-9A1E7A4F7556}") = "BCX_Library", "BCX_Library\BCX_Library.csproj", "{42AAF3E1-80A2-4466-8687-43035DABF728}"
EndProject
Project("{9A19103F-16F7-4668-BE54-9A1E7A4F7556}") = "BCX_Api", "BCX_Api\BCX_Api.csproj", "{267AAE6B-E916-4019-B4E6-F602527E7A61}"
EndProject
Global
	GlobalSection(SolutionConfigurationPlatforms) = preSolution
		Debug|Any CPU = Debug|Any CPU
		Release|Any CPU = Release|Any CPU
	EndGlobalSection
	GlobalSection(ProjectConfigurationPlatforms) = postSolution
		{14428FB7-12B9-4953-92B8-E8234C47EF5D}.Debug|Any CPU.ActiveCfg = Debug|Any CPU
		{14428FB7-12B9-4953-92B8-E8234C47EF5D}.Debug|Any CPU.Build.0 = Debug|Any CPU
		{14428FB7-12B9-4953-92B8-E8234C47EF5D}.Release|Any CPU.ActiveCfg = Release|Any CPU
		{14428FB7-12B9-4953-92B8-E8234C47EF5D}.Release|Any CPU.Build.0 = Release|Any CPU
		{42AAF3E1-80A2-4466-8687-43035DABF728}.Debug|Any CPU.ActiveCfg = Debug|Any CPU
		{42AAF3E1-80A2-4466-8687-43035DABF728}.Debug|Any CPU.Build.0 = Debug|Any CPU
		{42AAF3E1-80A2-4466-8687-43035DABF728}.Release|Any CPU.ActiveCfg = Release|Any CPU
		{42AAF3E1-80A2-4466-8687-43035DABF728}.Release|Any CPU.Build.0 = Release|Any CPU
		{267AAE6B-E916-4019-B4E6-F602527E7A61}.Debug|Any CPU.ActiveCfg = Debug|Any CPU
		{267AAE6B-E916-4019-B4E6-F602527E7A61}.Debug|Any CPU.Build.0 = Debug|Any CPU
		{267AAE6B-E916-4019-B4E6-F602527E7A61}.Release|Any CPU.ActiveCfg = Release|Any CPU
		{267AAE6B-E916-4019-B4E6-F602527E7A61}.Release|Any CPU.Build.0 = Release|Any CPU
	EndGlobalSection
	GlobalSection(SolutionProperties) = preSolution
		HideSolutionNode = FALSE
	EndGlobalSection
	GlobalSection(ExtensibilityGlobals) = postSolution
		SolutionGuid = {922A7925-43DF-4160-A14B-4906D4949377}
	EndGlobalSection
EndGlobal
