
Microsoft Visual Studio Solution File, Format Version 12.00
# Visual Studio Version 16
VisualStudioVersion = 16.0.30907.101
MinimumVisualStudioVersion = 10.0.40219.1
Project("{FAE04EC0-301F-11D3-BF4B-00C04F79EFBC}") = "ConsoleApp3", "ConsoleApp3\ConsoleApp3.csproj", "{CDD461DE-5A3A-4009-84DF-57BE4FEE4085}"
EndProject
Global
	GlobalSection(SolutionConfigurationPlatforms) = preSolution
		Debug|Any CPU = Debug|Any CPU
		Release|Any CPU = Release|Any CPU
	EndGlobalSection
	GlobalSection(ProjectConfigurationPlatforms) = postSolution
		{CDD461DE-5A3A-4009-84DF-57BE4FEE4085}.Debug|Any CPU.ActiveCfg = Debug|Any CPU
		{CDD461DE-5A3A-4009-84DF-57BE4FEE4085}.Debug|Any CPU.Build.0 = Debug|Any CPU
		{CDD461DE-5A3A-4009-84DF-57BE4FEE4085}.Release|Any CPU.ActiveCfg = Release|Any CPU
		{CDD461DE-5A3A-4009-84DF-57BE4FEE4085}.Release|Any CPU.Build.0 = Release|Any CPU
	EndGlobalSection
	GlobalSection(SolutionProperties) = preSolution
		HideSolutionNode = FALSE
	EndGlobalSection
	GlobalSection(ExtensibilityGlobals) = postSolution
		SolutionGuid = {09881566-F821-4BF0-BA0A-DA4A6673D52E}
	EndGlobalSection
EndGlobal
