
Microsoft Visual Studio Solution File, Format Version 12.00
# Visual Studio Version 16
VisualStudioVersion = 16.0.30128.74
MinimumVisualStudioVersion = 10.0.40219.1
Project("{FAE04EC0-301F-11D3-BF4B-00C04F79EFBC}") = "WebApplication1", "WebApplication1\WebApplication1.csproj", "{C9930304-C5FE-4BD8-8B45-5C6EE2261F74}"
EndProject
Global
	GlobalSection(SolutionConfigurationPlatforms) = preSolution
		Debug|Any CPU = Debug|Any CPU
		Release|Any CPU = Release|Any CPU
	EndGlobalSection
	GlobalSection(ProjectConfigurationPlatforms) = postSolution
		{C9930304-C5FE-4BD8-8B45-5C6EE2261F74}.Debug|Any CPU.ActiveCfg = Debug|Any CPU
		{C9930304-C5FE-4BD8-8B45-5C6EE2261F74}.Debug|Any CPU.Build.0 = Debug|Any CPU
		{C9930304-C5FE-4BD8-8B45-5C6EE2261F74}.Release|Any CPU.ActiveCfg = Release|Any CPU
		{C9930304-C5FE-4BD8-8B45-5C6EE2261F74}.Release|Any CPU.Build.0 = Release|Any CPU
	EndGlobalSection
	GlobalSection(SolutionProperties) = preSolution
		HideSolutionNode = FALSE
	EndGlobalSection
	GlobalSection(ExtensibilityGlobals) = postSolution
		SolutionGuid = {94F671A9-A46D-4CFF-81F3-CC135AEBCE65}
	EndGlobalSection
EndGlobal
